{
  "name": "aeon-sayonara-sun",
  "version": "1.0.0",
  "lockfileVersion": 3,
  "requires": true,
  "packages": {
    "": {
      "name": "aeon-sayonara-sun",
      "version": "1.0.0",
      "dependencies": {
        "@altopelago/aeon-sdk": "0.10.0",
        "@altopelago/aeos-core": "0.10.0"
      },
      "devDependencies": {
        "@types/node": "20.10.6",
        "typescript": "5.3.3"
      }
    },
    "node_modules/@altopelago/aeon-aes": {
      "version": "0.10.0",
      "resolved": "https://registry.npmjs.org/@altopelago/aeon-aes/-/aeon-aes-0.10.0.tgz",
      "integrity": "sha512-QDCMWFlFQGdemSlk1E/lviiO/mCggBUE8YZimcc7xiabgEST8T638HW//sl7TwlbaiyFchI/d+o8p2VwSCaygw==",
      "license": "MIT",
      "dependencies": {
        "@altopelago/aeon-lexer": "0.10.0",
        "@altopelago/aeon-parser": "0.10.0"
      },
      "engines": {
        "node": ">=20.0.0"
      }
    },
    "node_modules/@altopelago/aeon-annotation-stream": {
      "version": "0.10.0",
      "resolved": "https://registry.npmjs.org/@altopelago/aeon-annotation-stream/-/aeon-annotation-stream-0.10.0.tgz",
      "integrity": "sha512-yWoLQe7tRMI6sR1EK71h7QQCWcC1yd51ZnEfeSX6+VQdboyHuegJj/d3ABy2qdmiRzRFwlziON5KDz27PGeigA==",
      "license": "MIT",
      "dependencies": {
        "@altopelago/aeon-aes": "0.10.0",
        "@altopelago/aeon-lexer": "0.10.0"
      },
      "engines": {
        "node": ">=20.0.0"
      }
    },
    "node_modules/@altopelago/aeon-canonical": {
      "version": "0.10.0",
      "resolved": "https://registry.npmjs.org/@altopelago/aeon-canonical/-/aeon-canonical-0.10.0.tgz",
      "integrity": "sha512-Hw9nN1PgersFuhV6yivi4V01qHXQZIQAOGDcknQQwGrhxB21pxZDjLRo4W/658qbXbYVuuLclOwuXjQ6rAXdXA==",
      "license": "MIT",
      "dependencies": {
        "@altopelago/aeon-lexer": "0.10.0",
        "@altopelago/aeon-parser": "0.10.0"
      },
      "engines": {
        "node": ">=20.0.0"
      }
    },
    "node_modules/@altopelago/aeon-core": {
      "version": "0.10.0",
      "resolved": "https://registry.npmjs.org/@altopelago/aeon-core/-/aeon-core-0.10.0.tgz",
      "integrity": "sha512-00ZIJndJlQwnI8pIhYXutQnQ4asjkFNEyn0msP62aN+9Ol6yKDXXY3+bqBWMG5Rgv4f5pbwsPjxGa/CdANGegw==",
      "license": "MIT",
      "dependencies": {
        "@altopelago/aeon-aes": "0.10.0",
        "@altopelago/aeon-annotation-stream": "0.10.0",
        "@altopelago/aeon-lexer": "0.10.0",
        "@altopelago/aeon-parser": "0.10.0"
      },
      "engines": {
        "node": ">=20.0.0"
      }
    },
    "node_modules/@altopelago/aeon-finalize": {
      "version": "0.10.0",
      "resolved": "https://registry.npmjs.org/@altopelago/aeon-finalize/-/aeon-finalize-0.10.0.tgz",
      "integrity": "sha512-Q9y1hzcXwSOJPjUyov9dJIOYs7buSm8GPX3a2OLQBMYl1/Jf1tv2pTC+EkJFqOWOEEDdi31kfb2FfoO3ABXV/w==",
      "license": "MIT",
      "dependencies": {
        "@altopelago/aeon-aes": "0.10.0"
      },
      "engines": {
        "node": ">=20.0.0"
      }
    },
    "node_modules/@altopelago/aeon-lexer": {
      "version": "0.10.0",
      "resolved": "https://registry.npmjs.org/@altopelago/aeon-lexer/-/aeon-lexer-0.10.0.tgz",
      "integrity": "sha512-TsEDMv94MzhvoZRZRHgAu6LEpdVYDOFar13S5XiWYf4uuUmEF9xAsiQ9xhtq3UK3bjU884qlcegI3ftxAdM5MA==",
      "license": "MIT",
      "engines": {
        "node": ">=20.0.0"
      }
    },
    "node_modules/@altopelago/aeon-parser": {
      "version": "0.10.0",
      "resolved": "https://registry.npmjs.org/@altopelago/aeon-parser/-/aeon-parser-0.10.0.tgz",
      "integrity": "sha512-oZlFyYia+WFKIfP5GnUi0TAbZ79L5rnZEpZ+QVu4lCchljlfwl76PMr0yy9hlG3xma2Q3JeZ1ryr9Toh7o8V/A==",
      "license": "MIT",
      "dependencies": {
        "@altopelago/aeon-lexer": "0.10.0"
      },
      "engines": {
        "node": ">=20.0.0"
      }
    },
    "node_modules/@altopelago/aeon-sdk": {
      "version": "0.10.0",
      "resolved": "https://registry.npmjs.org/@altopelago/aeon-sdk/-/aeon-sdk-0.10.0.tgz",
      "integrity": "sha512-9mcGOqAnTeCu1Ldxpb0rvbw9O/QgEVelFdKdy0drFvbDDVpbEx3s1d1dUtUR3cZ35rLhsDh+4j1tgBcTrrLPPg==",
      "license": "MIT",
      "dependencies": {
        "@altopelago/aeon-canonical": "0.10.0",
        "@altopelago/aeon-core": "0.10.0",
        "@altopelago/aeon-finalize": "0.10.0"
      },
      "engines": {
        "node": ">=20.0.0"
      }
    },
    "node_modules/@altopelago/aeos-core": {
      "version": "0.10.0",
      "resolved": "https://registry.npmjs.org/@altopelago/aeos-core/-/aeos-core-0.10.0.tgz",
      "integrity": "sha512-qDaTzIkeDTeVgqX7uyI22wadQ3gFM7HVbeSKdQEGZw+wfFnij3nAh8VAZDjx3SzzCzzpj3b6MhUoOK1i2fqQfA==",
      "license": "MIT",
      "bin": {
        "aeos-validator": "dist/bin/aeos-validator.js"
      },
      "engines": {
        "node": ">=20.0.0"
      }
    },
    "node_modules/@types/node": {
      "version": "20.10.6",
      "resolved": "https://registry.npmjs.org/@types/node/-/node-20.10.6.tgz",
      "integrity": "sha512-Vac8H+NlRNNlAmDfGUP7b5h/KA+AtWIzuXy0E6OyP8f1tCLYAtPvKRRDJjAPqhpCb0t6U2j7/xqAuLEebW2kiw==",
      "dev": true,
      "license": "MIT",
      "dependencies": {
        "undici-types": "~5.26.4"
      }
    },
    "node_modules/typescript": {
      "version": "5.3.3",
      "resolved": "https://registry.npmjs.org/typescript/-/typescript-5.3.3.tgz",
      "integrity": "sha512-pXWcraxM0uxAS+tN0AG/BF2TyqmHO014Z070UsJ+pFvYuRSq8KH8DmWpnbXe0pEPDHXZV3FcAbJkijJ5oNEnWw==",
      "dev": true,
      "license": "Apache-2.0",
      "bin": {
        "tsc": "bin/tsc",
        "tsserver": "bin/tsserver"
      },
      "engines": {
        "node": ">=14.17"
      }
    },
    "node_modules/undici-types": {
      "version": "5.26.5",
      "resolved": "https://registry.npmjs.org/undici-types/-/undici-types-5.26.5.tgz",
      "integrity": "sha512-JlCMO+ehdEIKqlFxk6IfVoAUVmgz7cU7zD/h9XZ0qzeosSHmUJVOzSQvvYSYWXkFXC+IfLKSIffhv0sVZup6pA==",
      "dev": true,
      "license": "MIT"
    }
  }
}
