{
  "name": "aeon-sayonara-sun",
  "version": "1.0.0",
  "lockfileVersion": 3,
  "requires": true,
  "packages": {
    "": {
      "name": "aeon-sayonara-sun",
      "version": "1.0.0",
      "dependencies": {
        "@altopelago/aeon-sdk": "0.11.0",
        "@altopelago/aeos-core": "0.11.0"
      },
      "devDependencies": {
        "@types/node": "20.10.6",
        "typescript": "5.3.3"
      }
    },
    "node_modules/@altopelago/aeon-aes": {
      "version": "0.11.0",
      "resolved": "https://registry.npmjs.org/@altopelago/aeon-aes/-/aeon-aes-0.11.0.tgz",
      "integrity": "sha512-yVulyCOqdKl7adAgYz/m4Tmm1j0u2PInH4tWxTeEcD93yX27n2sILgaXnnXtY0uT68mZY1C+FNEeDuOAR4RikA==",
      "license": "MIT",
      "dependencies": {
        "@altopelago/aeon-lexer": "0.11.0",
        "@altopelago/aeon-parser": "0.11.0"
      },
      "engines": {
        "node": ">=20.0.0"
      }
    },
    "node_modules/@altopelago/aeon-annotation-stream": {
      "version": "0.11.0",
      "resolved": "https://registry.npmjs.org/@altopelago/aeon-annotation-stream/-/aeon-annotation-stream-0.11.0.tgz",
      "integrity": "sha512-TrO29jksITsNBc0d+i4n7rZf/MjlhUijZ6ediUtAXB7gnBLa4SvY3MiF7FgiITi+97jeIqowCwm3lGRBGhPI0Q==",
      "license": "MIT",
      "dependencies": {
        "@altopelago/aeon-aes": "0.11.0",
        "@altopelago/aeon-lexer": "0.11.0"
      },
      "engines": {
        "node": ">=20.0.0"
      }
    },
    "node_modules/@altopelago/aeon-canonical": {
      "version": "0.11.0",
      "resolved": "https://registry.npmjs.org/@altopelago/aeon-canonical/-/aeon-canonical-0.11.0.tgz",
      "integrity": "sha512-8ATQsKYe1oWHZTmpCzPoC5srTWM1ih6fD23H0CjLJ0Ot7lnHsj/fOXORtIi0QR4EXq6oqwa0eFHhiXROUMT9zg==",
      "license": "MIT",
      "dependencies": {
        "@altopelago/aeon-lexer": "0.11.0",
        "@altopelago/aeon-parser": "0.11.0"
      },
      "engines": {
        "node": ">=20.0.0"
      }
    },
    "node_modules/@altopelago/aeon-core": {
      "version": "0.11.0",
      "resolved": "https://registry.npmjs.org/@altopelago/aeon-core/-/aeon-core-0.11.0.tgz",
      "integrity": "sha512-OZl4apQupBlNQewmSsexZjazJUO2M1yH0sMOlnlnEHsUPYIZhFvfBms5zu73fjAUsmobg9pTywyKAhBe19MiSw==",
      "license": "MIT",
      "dependencies": {
        "@altopelago/aeon-aes": "0.11.0",
        "@altopelago/aeon-annotation-stream": "0.11.0",
        "@altopelago/aeon-lexer": "0.11.0",
        "@altopelago/aeon-parser": "0.11.0"
      },
      "engines": {
        "node": ">=20.0.0"
      }
    },
    "node_modules/@altopelago/aeon-finalize": {
      "version": "0.11.0",
      "resolved": "https://registry.npmjs.org/@altopelago/aeon-finalize/-/aeon-finalize-0.11.0.tgz",
      "integrity": "sha512-1jK1rkuhMEitas3YRGoO8LIhpaKQ/r7O0HLxUKnzPY4Du11bPQ4C9ESi0l5RQ2sWgN2ElnLeB+ei74VA7jP/nw==",
      "license": "MIT",
      "dependencies": {
        "@altopelago/aeon-aes": "0.11.0"
      },
      "engines": {
        "node": ">=20.0.0"
      }
    },
    "node_modules/@altopelago/aeon-lexer": {
      "version": "0.11.0",
      "resolved": "https://registry.npmjs.org/@altopelago/aeon-lexer/-/aeon-lexer-0.11.0.tgz",
      "integrity": "sha512-Jl8I8J7xgrKThRoqf0zyOtEvojZ93Smi6ebRMhTiG17KiVt0KmE7kSOtDrowsFJJXYfpNHwaGY7Mo1SsxFKevg==",
      "license": "MIT",
      "engines": {
        "node": ">=20.0.0"
      }
    },
    "node_modules/@altopelago/aeon-parser": {
      "version": "0.11.0",
      "resolved": "https://registry.npmjs.org/@altopelago/aeon-parser/-/aeon-parser-0.11.0.tgz",
      "integrity": "sha512-tyRHDOt4Bv1kOB5f1NjzoSAoe30J17np8xnGKczME4k0L3xtRFC4XGsCt17GCyb3QEaf+aEMG/RhdhaI72PBWQ==",
      "license": "MIT",
      "dependencies": {
        "@altopelago/aeon-lexer": "0.11.0",
        "@altopelago/sansa": "0.9.0"
      },
      "engines": {
        "node": ">=20.0.0"
      }
    },
    "node_modules/@altopelago/aeon-sdk": {
      "version": "0.11.0",
      "resolved": "https://registry.npmjs.org/@altopelago/aeon-sdk/-/aeon-sdk-0.11.0.tgz",
      "integrity": "sha512-aeL2MH4p9wVOo/DZBvzGucVSvVEmseU0FLv3DYkYxB+7sdwokJnqQSF29GAqCYqaCPl/CJ6S9ZrERf5OAUSLBA==",
      "license": "MIT",
      "dependencies": {
        "@altopelago/aeon-canonical": "0.11.0",
        "@altopelago/aeon-core": "0.11.0",
        "@altopelago/aeon-finalize": "0.11.0"
      },
      "engines": {
        "node": ">=20.0.0"
      }
    },
    "node_modules/@altopelago/aeos-core": {
      "version": "0.11.0",
      "resolved": "https://registry.npmjs.org/@altopelago/aeos-core/-/aeos-core-0.11.0.tgz",
      "integrity": "sha512-KTBTqqJwRP5gYfvoD72om+dKM8p2fpJ2dkzxXTwGZaku7hCbTUxO38JzD7iUe0eY/vgBuU1wm4BQ4ZIi4NG/Ow==",
      "license": "MIT",
      "dependencies": {
        "@altopelago/aeon-core": "0.11.0",
        "@altopelago/aeon-finalize": "0.11.0",
        "@altopelago/sansa": "0.9.0"
      },
      "bin": {
        "aeos-validator": "dist/bin/aeos-validator.js"
      },
      "engines": {
        "node": ">=20.0.0"
      }
    },
    "node_modules/@altopelago/sansa": {
      "version": "0.9.0",
      "resolved": "https://registry.npmjs.org/@altopelago/sansa/-/sansa-0.9.0.tgz",
      "integrity": "sha512-vDNcXXFRFrd/vFn+jr4wqIHF64ihknqvc9w8btGhfjLsmhIKMfc5FW9cssfY9AJHqm/1E2tur8r98CXijFFwVA==",
      "license": "MIT",
      "bin": {
        "sansa-query": "scripts/query.mjs"
      },
      "engines": {
        "node": ">=20.0.0"
      }
    },
    "node_modules/@types/node": {
      "version": "20.10.6",
      "resolved": "https://registry.npmjs.org/@types/node/-/node-20.10.6.tgz",
      "integrity": "sha512-Vac8H+NlRNNlAmDfGUP7b5h/KA+AtWIzuXy0E6OyP8f1tCLYAtPvKRRDJjAPqhpCb0t6U2j7/xqAuLEebW2kiw==",
      "dev": true,
      "license": "MIT",
      "dependencies": {
        "undici-types": "~5.26.4"
      }
    },
    "node_modules/typescript": {
      "version": "5.3.3",
      "resolved": "https://registry.npmjs.org/typescript/-/typescript-5.3.3.tgz",
      "integrity": "sha512-pXWcraxM0uxAS+tN0AG/BF2TyqmHO014Z070UsJ+pFvYuRSq8KH8DmWpnbXe0pEPDHXZV3FcAbJkijJ5oNEnWw==",
      "dev": true,
      "license": "Apache-2.0",
      "bin": {
        "tsc": "bin/tsc",
        "tsserver": "bin/tsserver"
      },
      "engines": {
        "node": ">=14.17"
      }
    },
    "node_modules/undici-types": {
      "version": "5.26.5",
      "resolved": "https://registry.npmjs.org/undici-types/-/undici-types-5.26.5.tgz",
      "integrity": "sha512-JlCMO+ehdEIKqlFxk6IfVoAUVmgz7cU7zD/h9XZ0qzeosSHmUJVOzSQvvYSYWXkFXC+IfLKSIffhv0sVZup6pA==",
      "dev": true,
      "license": "MIT"
    }
  }
}
