{
  "name": "validating-a-contact-list",
  "version": "0.1.0",
  "lockfileVersion": 3,
  "requires": true,
  "packages": {
    "": {
      "name": "validating-a-contact-list",
      "version": "0.1.0",
      "dependencies": {
        "@altopelago/aeon-aes": "0.9.3",
        "@altopelago/aeon-annotation-stream": "0.9.3",
        "@altopelago/aeon-canonical": "0.9.3",
        "@altopelago/aeon-core": "0.9.3",
        "@altopelago/aeon-finalize": "0.9.3",
        "@altopelago/aeon-lexer": "0.9.3",
        "@altopelago/aeon-parser": "0.9.3",
        "@altopelago/aeon-sdk": "0.9.3"
      }
    },
    "node_modules/@altopelago/aeon-aes": {
      "version": "0.9.3",
      "resolved": "https://registry.npmjs.org/@altopelago/aeon-aes/-/aeon-aes-0.9.3.tgz",
      "integrity": "sha512-IZhL/i9ZMfBCGpp8lEf05Bw7DZeu517lbhcaRIymqv1luecFRhXGqwrSIfcCpBCcmIpPMqKIiF/AiZGmwud4JA==",
      "license": "MIT",
      "dependencies": {
        "@altopelago/aeon-lexer": "0.9.3",
        "@altopelago/aeon-parser": "0.9.3"
      },
      "engines": {
        "node": ">=20.0.0"
      }
    },
    "node_modules/@altopelago/aeon-annotation-stream": {
      "version": "0.9.3",
      "resolved": "https://registry.npmjs.org/@altopelago/aeon-annotation-stream/-/aeon-annotation-stream-0.9.3.tgz",
      "integrity": "sha512-Yf79E+RLc+aAWyt0CvIuUYX+hx/rS6n4emgMFYStdQ0L+HzVP+coszlVa/MvkAryhdZ8g0/eV+LKkK3LsKkdAw==",
      "license": "MIT",
      "dependencies": {
        "@altopelago/aeon-aes": "0.9.3",
        "@altopelago/aeon-lexer": "0.9.3"
      },
      "engines": {
        "node": ">=20.0.0"
      }
    },
    "node_modules/@altopelago/aeon-canonical": {
      "version": "0.9.3",
      "resolved": "https://registry.npmjs.org/@altopelago/aeon-canonical/-/aeon-canonical-0.9.3.tgz",
      "integrity": "sha512-qVEpoWRGo7BrbL++JznZXaxDIvlrYn3ZdzU5/YoHPITdual6yGNGLaVd6h6e2wm6HHcTBhQTdRS1/ez+2/LDdQ==",
      "license": "MIT",
      "dependencies": {
        "@altopelago/aeon-lexer": "0.9.3",
        "@altopelago/aeon-parser": "0.9.3"
      },
      "engines": {
        "node": ">=20.0.0"
      }
    },
    "node_modules/@altopelago/aeon-core": {
      "version": "0.9.3",
      "resolved": "https://registry.npmjs.org/@altopelago/aeon-core/-/aeon-core-0.9.3.tgz",
      "integrity": "sha512-u0SAG9VrlI98Qf1d7zLKZnLPYZc/PIQlCnAoEGmiAoX6zBMajTk8QnmyC7HxifaPr+WEZ7/dE91MjtNDitPmKA==",
      "license": "MIT",
      "dependencies": {
        "@altopelago/aeon-aes": "0.9.3",
        "@altopelago/aeon-annotation-stream": "0.9.3",
        "@altopelago/aeon-lexer": "0.9.3",
        "@altopelago/aeon-parser": "0.9.3"
      },
      "engines": {
        "node": ">=20.0.0"
      }
    },
    "node_modules/@altopelago/aeon-finalize": {
      "version": "0.9.3",
      "resolved": "https://registry.npmjs.org/@altopelago/aeon-finalize/-/aeon-finalize-0.9.3.tgz",
      "integrity": "sha512-f4GZMfE8YvDRvxRivu+3ayMFOpZ4YPWZCfpna7FUcaTVbHeNixSeT071WGV6nGuBUDMXbbnheYi2U2Vi7AHLlA==",
      "license": "MIT",
      "dependencies": {
        "@altopelago/aeon-aes": "0.9.3"
      },
      "engines": {
        "node": ">=20.0.0"
      }
    },
    "node_modules/@altopelago/aeon-lexer": {
      "version": "0.9.3",
      "resolved": "https://registry.npmjs.org/@altopelago/aeon-lexer/-/aeon-lexer-0.9.3.tgz",
      "integrity": "sha512-f3mZ1A8Qge8A5c2nJonrHvEUB77MAcQ3zFDOStRw7t4NqgkusVpGW8+45u0KmKRr3uuk0qpSJmHjymVEZLDFTw==",
      "license": "MIT",
      "engines": {
        "node": ">=20.0.0"
      }
    },
    "node_modules/@altopelago/aeon-parser": {
      "version": "0.9.3",
      "resolved": "https://registry.npmjs.org/@altopelago/aeon-parser/-/aeon-parser-0.9.3.tgz",
      "integrity": "sha512-GO+Lc7WBDKM4FzLh4QPqKmXk+Bj/ltoi+m9MIfpe/qX4X6ghLmQTnGWfm/SiTpPUZb2b8J0v/d7WhrG0NoGb4Q==",
      "license": "MIT",
      "dependencies": {
        "@altopelago/aeon-lexer": "0.9.3"
      },
      "engines": {
        "node": ">=20.0.0"
      }
    },
    "node_modules/@altopelago/aeon-sdk": {
      "version": "0.9.3",
      "resolved": "https://registry.npmjs.org/@altopelago/aeon-sdk/-/aeon-sdk-0.9.3.tgz",
      "integrity": "sha512-l32fbFWYWi3Co7fCulJQhtYWjV+x+ocHz2TSq7VE6LSBrCUZLFCwoKWG3GaLoztv3kUNmY717s+W5ukwIo6IXg==",
      "license": "MIT",
      "dependencies": {
        "@altopelago/aeon-canonical": "0.9.3",
        "@altopelago/aeon-core": "0.9.3",
        "@altopelago/aeon-finalize": "0.9.3"
      },
      "engines": {
        "node": ">=20.0.0"
      }
    }
  }
}
