{
  "name": "validating-a-contact-list",
  "version": "0.1.0",
  "lockfileVersion": 3,
  "requires": true,
  "packages": {
    "": {
      "name": "validating-a-contact-list",
      "version": "0.1.0",
      "dependencies": {
        "@altopelago/aeon-aes": "0.12.0",
        "@altopelago/aeon-annotation-stream": "0.12.0",
        "@altopelago/aeon-canonical": "0.12.0",
        "@altopelago/aeon-core": "0.12.0",
        "@altopelago/aeon-finalize": "0.12.0",
        "@altopelago/aeon-lexer": "0.12.0",
        "@altopelago/aeon-parser": "0.12.0",
        "@altopelago/aeon-sdk": "0.12.0"
      }
    },
    "node_modules/@altopelago/aeon-aes": {
      "version": "0.12.0",
      "resolved": "https://registry.npmjs.org/@altopelago/aeon-aes/-/aeon-aes-0.12.0.tgz",
      "integrity": "sha512-pkz7FtVMz3vBoYPleFEVTVDPbWaVNo9p2lcke5D+L43fSUHa8b6ccli8B2jQD1B3FU0rUKmVh1OaMQK/lnbh5w==",
      "license": "MIT",
      "dependencies": {
        "@altopelago/aeon-lexer": "0.12.0",
        "@altopelago/aeon-parser": "0.12.0"
      },
      "engines": {
        "node": ">=20.0.0"
      }
    },
    "node_modules/@altopelago/aeon-annotation-stream": {
      "version": "0.12.0",
      "resolved": "https://registry.npmjs.org/@altopelago/aeon-annotation-stream/-/aeon-annotation-stream-0.12.0.tgz",
      "integrity": "sha512-s1pnyGsWqhG1+dRtiKkymmVJJW9oLbazbkzdfWn01fWCRgPWWZ0tEoKKmWkM36ca8mj+EKw7Q3pf2lCSNiUoOg==",
      "license": "MIT",
      "dependencies": {
        "@altopelago/aeon-aes": "0.12.0",
        "@altopelago/aeon-lexer": "0.12.0"
      },
      "engines": {
        "node": ">=20.0.0"
      }
    },
    "node_modules/@altopelago/aeon-canonical": {
      "version": "0.12.0",
      "resolved": "https://registry.npmjs.org/@altopelago/aeon-canonical/-/aeon-canonical-0.12.0.tgz",
      "integrity": "sha512-Ime3mybtVMQsxGVfQZIE5h1pBFlD3041v41GmjkaBplhbncffGXU/RZUFjWoNm4eui4Zh96cHrUq/pyEnTXp5A==",
      "license": "MIT",
      "dependencies": {
        "@altopelago/aeon-lexer": "0.12.0",
        "@altopelago/aeon-parser": "0.12.0"
      },
      "engines": {
        "node": ">=20.0.0"
      }
    },
    "node_modules/@altopelago/aeon-core": {
      "version": "0.12.0",
      "resolved": "https://registry.npmjs.org/@altopelago/aeon-core/-/aeon-core-0.12.0.tgz",
      "integrity": "sha512-z0q8ioOA4hTd1p11F/5wFjG0JPEvBlHzh8tOBDZdUJb9VK09VBQ70oizayeWDgQV9vjr+ZrFe65lTkABpmGwWA==",
      "license": "MIT",
      "dependencies": {
        "@altopelago/aeon-aes": "0.12.0",
        "@altopelago/aeon-annotation-stream": "0.12.0",
        "@altopelago/aeon-lexer": "0.12.0",
        "@altopelago/aeon-parser": "0.12.0"
      },
      "engines": {
        "node": ">=20.0.0"
      }
    },
    "node_modules/@altopelago/aeon-finalize": {
      "version": "0.12.0",
      "resolved": "https://registry.npmjs.org/@altopelago/aeon-finalize/-/aeon-finalize-0.12.0.tgz",
      "integrity": "sha512-vBFuPv6orYlHpx567Itx3x7x0njdczkUNp+8IX3BPD7XKrtHmZweUMuT0qjzzUJ7fipkrmZaz8o9/Uhvi1ej7Q==",
      "license": "MIT",
      "dependencies": {
        "@altopelago/aeon-aes": "0.12.0"
      },
      "engines": {
        "node": ">=20.0.0"
      }
    },
    "node_modules/@altopelago/aeon-lexer": {
      "version": "0.12.0",
      "resolved": "https://registry.npmjs.org/@altopelago/aeon-lexer/-/aeon-lexer-0.12.0.tgz",
      "integrity": "sha512-4S3dyGHF/htl5F/2raHkSsh4IYm7Dx5sNqRea50CM98K6/r+YlwercTSMbynDMS7Kw6WeTEkIPYBMByBB0zFeg==",
      "license": "MIT",
      "engines": {
        "node": ">=20.0.0"
      }
    },
    "node_modules/@altopelago/aeon-parser": {
      "version": "0.12.0",
      "resolved": "https://registry.npmjs.org/@altopelago/aeon-parser/-/aeon-parser-0.12.0.tgz",
      "integrity": "sha512-hWJvFYwiHG03qsbWXyg5QvZLbOFUBf70j5qcdPHlJRT1raeqODL7YFQ/9DmxEqPxozHbEAFK9t6tp2Yiem2GYw==",
      "license": "MIT",
      "dependencies": {
        "@altopelago/aeon-lexer": "0.12.0",
        "@altopelago/sansa": "0.10.0"
      },
      "engines": {
        "node": ">=20.0.0"
      }
    },
    "node_modules/@altopelago/aeon-sdk": {
      "version": "0.12.0",
      "resolved": "https://registry.npmjs.org/@altopelago/aeon-sdk/-/aeon-sdk-0.12.0.tgz",
      "integrity": "sha512-hu3PMgASGxVWEIEAaO+9RPM1xQuv1zJjJMNhQns3Unqw+8SZeQ+kbcxeYixqslcPyiMLiyknoS0Y23nK6wQQxw==",
      "license": "MIT",
      "dependencies": {
        "@altopelago/aeon-canonical": "0.12.0",
        "@altopelago/aeon-core": "0.12.0",
        "@altopelago/aeon-finalize": "0.12.0"
      },
      "engines": {
        "node": ">=20.0.0"
      }
    },
    "node_modules/@altopelago/sansa": {
      "version": "0.10.0",
      "resolved": "https://registry.npmjs.org/@altopelago/sansa/-/sansa-0.10.0.tgz",
      "integrity": "sha512-WpS6DBBwAqgOfFQn1YG3cYmYy6NdOsQy5Foc6QqBemZfsPoIU0ePirLYOM5w+mpKfw9rh+vA04rvA4rxovWpAQ==",
      "license": "MIT",
      "bin": {
        "sansa-instruction": "scripts/instruction.mjs",
        "sansa-query": "scripts/query.mjs"
      },
      "engines": {
        "node": ">=20.0.0"
      }
    }
  }
}
