{
  "name": "aeon-hello-world",
  "version": "1.0.0",
  "lockfileVersion": 3,
  "requires": true,
  "packages": {
    "": {
      "name": "aeon-hello-world",
      "version": "1.0.0",
      "dependencies": {
        "@altopelago/aeon-sdk": "0.9.5",
        "@altopelago/aeos-core": "0.9.5"
      }
    },
    "node_modules/@altopelago/aeon-aes": {
      "version": "0.9.5",
      "resolved": "https://registry.npmjs.org/@altopelago/aeon-aes/-/aeon-aes-0.9.5.tgz",
      "integrity": "sha512-TaA0FqgJ7LPwml/tU75sD8+ZW211rVdNirF6d9UIxWJ+wNAbcEsMo+TDwqhPu7vLkjpV08Vcwed7xFKbmiQ0cw==",
      "license": "MIT",
      "dependencies": {
        "@altopelago/aeon-lexer": "0.9.5",
        "@altopelago/aeon-parser": "0.9.5"
      },
      "engines": {
        "node": ">=20.0.0"
      }
    },
    "node_modules/@altopelago/aeon-annotation-stream": {
      "version": "0.9.5",
      "resolved": "https://registry.npmjs.org/@altopelago/aeon-annotation-stream/-/aeon-annotation-stream-0.9.5.tgz",
      "integrity": "sha512-2+sQ3s7q/b/AE9SpaXS43nM7xCd1l1f1K9RDugpHL8ZqY192g0vvJNK82or0xGf52MK8DTqQiKgyWpfw1MCF5g==",
      "license": "MIT",
      "dependencies": {
        "@altopelago/aeon-aes": "0.9.5",
        "@altopelago/aeon-lexer": "0.9.5"
      },
      "engines": {
        "node": ">=20.0.0"
      }
    },
    "node_modules/@altopelago/aeon-canonical": {
      "version": "0.9.5",
      "resolved": "https://registry.npmjs.org/@altopelago/aeon-canonical/-/aeon-canonical-0.9.5.tgz",
      "integrity": "sha512-QpLN48QLTtSx3X/+b+facnAmdO4rrmBee5VJbAjRm+7wLHUVge4EnrT9Pq0vHmKy2ixOOynqN72yRaNM7anMGA==",
      "license": "MIT",
      "dependencies": {
        "@altopelago/aeon-lexer": "0.9.5",
        "@altopelago/aeon-parser": "0.9.5"
      },
      "engines": {
        "node": ">=20.0.0"
      }
    },
    "node_modules/@altopelago/aeon-core": {
      "version": "0.9.5",
      "resolved": "https://registry.npmjs.org/@altopelago/aeon-core/-/aeon-core-0.9.5.tgz",
      "integrity": "sha512-Vbcf/xvf0bfzOaoDq2hU9cfzYIMAJzeKE+rU7X8ZbQUqgk1H1TclygSlhT0Knb+i+6hgPsL0CgbPQRem0Dz3LA==",
      "license": "MIT",
      "dependencies": {
        "@altopelago/aeon-aes": "0.9.5",
        "@altopelago/aeon-annotation-stream": "0.9.5",
        "@altopelago/aeon-lexer": "0.9.5",
        "@altopelago/aeon-parser": "0.9.5"
      },
      "engines": {
        "node": ">=20.0.0"
      }
    },
    "node_modules/@altopelago/aeon-finalize": {
      "version": "0.9.5",
      "resolved": "https://registry.npmjs.org/@altopelago/aeon-finalize/-/aeon-finalize-0.9.5.tgz",
      "integrity": "sha512-9TYgLI1KAcOEyOlA1T2rwfbec9FCRjkSBnjwmOA8+X8ZGjEo4zB2BOqwiOeThqaLze3Go7ggzBVraMRGHjORuA==",
      "license": "MIT",
      "dependencies": {
        "@altopelago/aeon-aes": "0.9.5"
      },
      "engines": {
        "node": ">=20.0.0"
      }
    },
    "node_modules/@altopelago/aeon-lexer": {
      "version": "0.9.5",
      "resolved": "https://registry.npmjs.org/@altopelago/aeon-lexer/-/aeon-lexer-0.9.5.tgz",
      "integrity": "sha512-Hv6oEh81scRR8+ojwmOUBaPcV9JlDFq5MAjksuZKGe58IT6feR6DGUv375n5eQcghLLK+ET/2uDRWMmYZUfnxw==",
      "license": "MIT",
      "engines": {
        "node": ">=20.0.0"
      }
    },
    "node_modules/@altopelago/aeon-parser": {
      "version": "0.9.5",
      "resolved": "https://registry.npmjs.org/@altopelago/aeon-parser/-/aeon-parser-0.9.5.tgz",
      "integrity": "sha512-AylXgV4wCkwJgCVVJCYJGGH+ZF+271t/Z1vJ7R4IBcNBqHmtOp0v7+W/H21Zgqyji9CEf6XuOYajqEro5n7GTw==",
      "license": "MIT",
      "dependencies": {
        "@altopelago/aeon-lexer": "0.9.5"
      },
      "engines": {
        "node": ">=20.0.0"
      }
    },
    "node_modules/@altopelago/aeon-sdk": {
      "version": "0.9.5",
      "resolved": "https://registry.npmjs.org/@altopelago/aeon-sdk/-/aeon-sdk-0.9.5.tgz",
      "integrity": "sha512-/Cr0WijSk/iQV2rJlPOShH0/fslolKl7oFKir+BjGNLfyQaogQrwL7UPXjQ2M6vFqaw4Kx4M4zCQe6L39dPrtg==",
      "license": "MIT",
      "dependencies": {
        "@altopelago/aeon-canonical": "0.9.5",
        "@altopelago/aeon-core": "0.9.5",
        "@altopelago/aeon-finalize": "0.9.5"
      },
      "engines": {
        "node": ">=20.0.0"
      }
    },
    "node_modules/@altopelago/aeos-core": {
      "version": "0.9.5",
      "resolved": "https://registry.npmjs.org/@altopelago/aeos-core/-/aeos-core-0.9.5.tgz",
      "integrity": "sha512-PpiEDTDN9+nkb2oWtLMRzOCOYVtmFTfFD1HLOMCNPGr2OPkJblKiqHu57HxZZK1wTplvq9JxRMLSMpsKn3PjsA==",
      "license": "MIT",
      "bin": {
        "aeos-validator": "dist/bin/aeos-validator.js"
      },
      "engines": {
        "node": ">=20.0.0"
      }
    }
  }
}
